
Microsoft Visual Studio Solution File, Format Version 12.00
# Visual Studio Version 17
VisualStudioVersion = 17.7.34018.315
MinimumVisualStudioVersion = 10.0.40219.1
Project("{8BC9CEB8-8B4A-11D0-8D11-00A0C91BC942}") = "Test1", "Test1\Test1.vcxproj", "{21443692-340E-426B-A5DD-128972A0F670}"
EndProject
Project("{8BC9CEB8-8B4A-11D0-8D11-00A0C91BC942}") = "ExRogue", "ExRogue\ExRogue.vcxproj", "{6570438B-C740-4385-9F50-1C3DDE8D2176}"
EndProject
Project("{8BC9CEB8-8B4A-11D0-8D11-00A0C91BC942}") = "ExAutoTile", "ExAutoTile\ExAutoTile.vcxproj", "{DC1BC0FC-FFB0-494E-8FBD-C7586AD53961}"
EndProject
Project("{8BC9CEB8-8B4A-11D0-8D11-00A0C91BC942}") = "ExCaveVision", "ExCaveVision\ExCaveVision.vcxproj", "{1B72C081-BEE8-4E38-A51F-2BC21149397B}"
EndProject
Project("{8BC9CEB8-8B4A-11D0-8D11-00A0C91BC942}") = "ExEffect", "ExEffect\ExEffect.vcxproj", "{FBFCF7A4-9044-49F5-9802-EDB6C8B6CB3E}"
EndProject
Project("{8BC9CEB8-8B4A-11D0-8D11-00A0C91BC942}") = "ExMaze", "ExMaze\ExMaze.vcxproj", "{C82C8B29-B8C0-4F5A-824E-FF06EB7DC30B}"
EndProject
Project("{8BC9CEB8-8B4A-11D0-8D11-00A0C91BC942}") = "ExUiBasic", "ExUiBasic\ExUiBasic.vcxproj", "{3C4AEFEE-05FF-47DF-A74D-74D3BFCDE537}"
EndProject
Project("{8BC9CEB8-8B4A-11D0-8D11-00A0C91BC942}") = "Test2", "Test2\Test2.vcxproj", "{1DF642C6-C9DF-445B-91B7-693A441DD0D1}"
EndProject
Project("{8BC9CEB8-8B4A-11D0-8D11-00A0C91BC942}") = "ExCurlNoise", "ExCurlNoise\ExCurlNoise.vcxproj", "{403511AD-133D-4CC7-B00E-E505D1040145}"
EndProject
Project("{8BC9CEB8-8B4A-11D0-8D11-00A0C91BC942}") = "ExIllustMotion", "ExIllustMotion\ExIllustMotion.vcxproj", "{897052C7-74F7-4307-AC38-F2A4AC619CDE}"
EndProject
Project("{8BC9CEB8-8B4A-11D0-8D11-00A0C91BC942}") = "ExPsd", "ExPsd\ExPsd.vcxproj", "{FB8574A4-4017-4877-8242-1E2123E8D1C1}"
EndProject
Project("{8BC9CEB8-8B4A-11D0-8D11-00A0C91BC942}") = "Psd", "psd_sdk\build\VS2019\Psd.vcxproj", "{76AFA79C-7FE1-493A-B920-52EE72278884}"
EndProject
Project("{8BC9CEB8-8B4A-11D0-8D11-00A0C91BC942}") = "ExStaticMain", "ExStaticMain\ExStaticMain.vcxproj", "{EC5A523C-165A-4D15-861E-CE9EDD9644D0}"
EndProject
Project("{8BC9CEB8-8B4A-11D0-8D11-00A0C91BC942}") = "ExStaticLib", "ExStaticLib\ExStaticLib.vcxproj", "{A341F18F-6519-4ECD-A6F5-64729B8ED8F3}"
EndProject
Project("{8BC9CEB8-8B4A-11D0-8D11-00A0C91BC942}") = "ExConsole", "ExConsole\ExConsole.vcxproj", "{B4BFB550-E2C4-4451-9D5D-07498C059F50}"
	ProjectSection(ProjectDependencies) = postProject
		{8E6E6456-2DEF-4771-A7BF-D8703B5F79F9} = {8E6E6456-2DEF-4771-A7BF-D8703B5F79F9}
	EndProjectSection
EndProject
Project("{9A19103F-16F7-4668-BE54-9A1E7A4F7556}") = "ExConsole2", "ExConsole2\ExConsole2.csproj", "{8E6E6456-2DEF-4771-A7BF-D8703B5F79F9}"
EndProject
Global
	GlobalSection(SolutionConfigurationPlatforms) = preSolution
		Debug DLL|Any CPU = Debug DLL|Any CPU
		Debug DLL|x64 = Debug DLL|x64
		Debug DLL|x86 = Debug DLL|x86
		Debug|Any CPU = Debug|Any CPU
		Debug|x64 = Debug|x64
		Debug|x86 = Debug|x86
		Release DLL|Any CPU = Release DLL|Any CPU
		Release DLL|x64 = Release DLL|x64
		Release DLL|x86 = Release DLL|x86
		Release|Any CPU = Release|Any CPU
		Release|x64 = Release|x64
		Release|x86 = Release|x86
	EndGlobalSection
	GlobalSection(ProjectConfigurationPlatforms) = postSolution
		{21443692-340E-426B-A5DD-128972A0F670}.Debug DLL|Any CPU.ActiveCfg = Debug|x64
		{21443692-340E-426B-A5DD-128972A0F670}.Debug DLL|Any CPU.Build.0 = Debug|x64
		{21443692-340E-426B-A5DD-128972A0F670}.Debug DLL|x64.ActiveCfg = Debug|x64
		{21443692-340E-426B-A5DD-128972A0F670}.Debug DLL|x64.Build.0 = Debug|x64
		{21443692-340E-426B-A5DD-128972A0F670}.Debug DLL|x86.ActiveCfg = Debug|x64
		{21443692-340E-426B-A5DD-128972A0F670}.Debug DLL|x86.Build.0 = Debug|x64
		{21443692-340E-426B-A5DD-128972A0F670}.Debug|Any CPU.ActiveCfg = Debug|x64
		{21443692-340E-426B-A5DD-128972A0F670}.Debug|Any CPU.Build.0 = Debug|x64
		{21443692-340E-426B-A5DD-128972A0F670}.Debug|x64.ActiveCfg = Debug|x64
		{21443692-340E-426B-A5DD-128972A0F670}.Debug|x64.Build.0 = Debug|x64
		{21443692-340E-426B-A5DD-128972A0F670}.Debug|x86.ActiveCfg = Debug|x64
		{21443692-340E-426B-A5DD-128972A0F670}.Debug|x86.Build.0 = Debug|x64
		{21443692-340E-426B-A5DD-128972A0F670}.Release DLL|Any CPU.ActiveCfg = Release|x64
		{21443692-340E-426B-A5DD-128972A0F670}.Release DLL|Any CPU.Build.0 = Release|x64
		{21443692-340E-426B-A5DD-128972A0F670}.Release DLL|x64.ActiveCfg = Release|x64
		{21443692-340E-426B-A5DD-128972A0F670}.Release DLL|x64.Build.0 = Release|x64
		{21443692-340E-426B-A5DD-128972A0F670}.Release DLL|x86.ActiveCfg = Release|x64
		{21443692-340E-426B-A5DD-128972A0F670}.Release DLL|x86.Build.0 = Release|x64
		{21443692-340E-426B-A5DD-128972A0F670}.Release|Any CPU.ActiveCfg = Release|x64
		{21443692-340E-426B-A5DD-128972A0F670}.Release|Any CPU.Build.0 = Release|x64
		{21443692-340E-426B-A5DD-128972A0F670}.Release|x64.ActiveCfg = Release|x64
		{21443692-340E-426B-A5DD-128972A0F670}.Release|x64.Build.0 = Release|x64
		{21443692-340E-426B-A5DD-128972A0F670}.Release|x86.ActiveCfg = Release|x64
		{21443692-340E-426B-A5DD-128972A0F670}.Release|x86.Build.0 = Release|x64
		{6570438B-C740-4385-9F50-1C3DDE8D2176}.Debug DLL|Any CPU.ActiveCfg = Debug|x64
		{6570438B-C740-4385-9F50-1C3DDE8D2176}.Debug DLL|Any CPU.Build.0 = Debug|x64
		{6570438B-C740-4385-9F50-1C3DDE8D2176}.Debug DLL|x64.ActiveCfg = Debug|x64
		{6570438B-C740-4385-9F50-1C3DDE8D2176}.Debug DLL|x64.Build.0 = Debug|x64
		{6570438B-C740-4385-9F50-1C3DDE8D2176}.Debug DLL|x86.ActiveCfg = Debug|x64
		{6570438B-C740-4385-9F50-1C3DDE8D2176}.Debug DLL|x86.Build.0 = Debug|x64
		{6570438B-C740-4385-9F50-1C3DDE8D2176}.Debug|Any CPU.ActiveCfg = Debug|x64
		{6570438B-C740-4385-9F50-1C3DDE8D2176}.Debug|Any CPU.Build.0 = Debug|x64
		{6570438B-C740-4385-9F50-1C3DDE8D2176}.Debug|x64.ActiveCfg = Debug|x64
		{6570438B-C740-4385-9F50-1C3DDE8D2176}.Debug|x64.Build.0 = Debug|x64
		{6570438B-C740-4385-9F50-1C3DDE8D2176}.Debug|x86.ActiveCfg = Debug|x64
		{6570438B-C740-4385-9F50-1C3DDE8D2176}.Debug|x86.Build.0 = Debug|x64
		{6570438B-C740-4385-9F50-1C3DDE8D2176}.Release DLL|Any CPU.ActiveCfg = Release|x64
		{6570438B-C740-4385-9F50-1C3DDE8D2176}.Release DLL|Any CPU.Build.0 = Release|x64
		{6570438B-C740-4385-9F50-1C3DDE8D2176}.Release DLL|x64.ActiveCfg = Release|x64
		{6570438B-C740-4385-9F50-1C3DDE8D2176}.Release DLL|x64.Build.0 = Release|x64
		{6570438B-C740-4385-9F50-1C3DDE8D2176}.Release DLL|x86.ActiveCfg = Release|x64
		{6570438B-C740-4385-9F50-1C3DDE8D2176}.Release DLL|x86.Build.0 = Release|x64
		{6570438B-C740-4385-9F50-1C3DDE8D2176}.Release|Any CPU.ActiveCfg = Release|x64
		{6570438B-C740-4385-9F50-1C3DDE8D2176}.Release|Any CPU.Build.0 = Release|x64
		{6570438B-C740-4385-9F50-1C3DDE8D2176}.Release|x64.ActiveCfg = Release|x64
		{6570438B-C740-4385-9F50-1C3DDE8D2176}.Release|x64.Build.0 = Release|x64
		{6570438B-C740-4385-9F50-1C3DDE8D2176}.Release|x86.ActiveCfg = Release|x64
		{6570438B-C740-4385-9F50-1C3DDE8D2176}.Release|x86.Build.0 = Release|x64
		{DC1BC0FC-FFB0-494E-8FBD-C7586AD53961}.Debug DLL|Any CPU.ActiveCfg = Debug|x64
		{DC1BC0FC-FFB0-494E-8FBD-C7586AD53961}.Debug DLL|Any CPU.Build.0 = Debug|x64
		{DC1BC0FC-FFB0-494E-8FBD-C7586AD53961}.Debug DLL|x64.ActiveCfg = Debug|x64
		{DC1BC0FC-FFB0-494E-8FBD-C7586AD53961}.Debug DLL|x64.Build.0 = Debug|x64
		{DC1BC0FC-FFB0-494E-8FBD-C7586AD53961}.Debug DLL|x86.ActiveCfg = Debug|x64
		{DC1BC0FC-FFB0-494E-8FBD-C7586AD53961}.Debug DLL|x86.Build.0 = Debug|x64
		{DC1BC0FC-FFB0-494E-8FBD-C7586AD53961}.Debug|Any CPU.ActiveCfg = Debug|x64
		{DC1BC0FC-FFB0-494E-8FBD-C7586AD53961}.Debug|Any CPU.Build.0 = Debug|x64
		{DC1BC0FC-FFB0-494E-8FBD-C7586AD53961}.Debug|x64.ActiveCfg = Debug|x64
		{DC1BC0FC-FFB0-494E-8FBD-C7586AD53961}.Debug|x64.Build.0 = Debug|x64
		{DC1BC0FC-FFB0-494E-8FBD-C7586AD53961}.Debug|x86.ActiveCfg = Debug|x64
		{DC1BC0FC-FFB0-494E-8FBD-C7586AD53961}.Debug|x86.Build.0 = Debug|x64
		{DC1BC0FC-FFB0-494E-8FBD-C7586AD53961}.Release DLL|Any CPU.ActiveCfg = Release|x64
		{DC1BC0FC-FFB0-494E-8FBD-C7586AD53961}.Release DLL|Any CPU.Build.0 = Release|x64
		{DC1BC0FC-FFB0-494E-8FBD-C7586AD53961}.Release DLL|x64.ActiveCfg = Release|x64
		{DC1BC0FC-FFB0-494E-8FBD-C7586AD53961}.Release DLL|x64.Build.0 = Release|x64
		{DC1BC0FC-FFB0-494E-8FBD-C7586AD53961}.Release DLL|x86.ActiveCfg = Release|x64
		{DC1BC0FC-FFB0-494E-8FBD-C7586AD53961}.Release DLL|x86.Build.0 = Release|x64
		{DC1BC0FC-FFB0-494E-8FBD-C7586AD53961}.Release|Any CPU.ActiveCfg = Release|x64
		{DC1BC0FC-FFB0-494E-8FBD-C7586AD53961}.Release|Any CPU.Build.0 = Release|x64
		{DC1BC0FC-FFB0-494E-8FBD-C7586AD53961}.Release|x64.ActiveCfg = Release|x64
		{DC1BC0FC-FFB0-494E-8FBD-C7586AD53961}.Release|x64.Build.0 = Release|x64
		{DC1BC0FC-FFB0-494E-8FBD-C7586AD53961}.Release|x86.ActiveCfg = Release|x64
		{DC1BC0FC-FFB0-494E-8FBD-C7586AD53961}.Release|x86.Build.0 = Release|x64
		{1B72C081-BEE8-4E38-A51F-2BC21149397B}.Debug DLL|Any CPU.ActiveCfg = Debug|x64
		{1B72C081-BEE8-4E38-A51F-2BC21149397B}.Debug DLL|Any CPU.Build.0 = Debug|x64
		{1B72C081-BEE8-4E38-A51F-2BC21149397B}.Debug DLL|x64.ActiveCfg = Debug|x64
		{1B72C081-BEE8-4E38-A51F-2BC21149397B}.Debug DLL|x64.Build.0 = Debug|x64
		{1B72C081-BEE8-4E38-A51F-2BC21149397B}.Debug DLL|x86.ActiveCfg = Debug|x64
		{1B72C081-BEE8-4E38-A51F-2BC21149397B}.Debug DLL|x86.Build.0 = Debug|x64
		{1B72C081-BEE8-4E38-A51F-2BC21149397B}.Debug|Any CPU.ActiveCfg = Debug|x64
		{1B72C081-BEE8-4E38-A51F-2BC21149397B}.Debug|Any CPU.Build.0 = Debug|x64
		{1B72C081-BEE8-4E38-A51F-2BC21149397B}.Debug|x64.ActiveCfg = Debug|x64
		{1B72C081-BEE8-4E38-A51F-2BC21149397B}.Debug|x64.Build.0 = Debug|x64
		{1B72C081-BEE8-4E38-A51F-2BC21149397B}.Debug|x86.ActiveCfg = Debug|x64
		{1B72C081-BEE8-4E38-A51F-2BC21149397B}.Debug|x86.Build.0 = Debug|x64
		{1B72C081-BEE8-4E38-A51F-2BC21149397B}.Release DLL|Any CPU.ActiveCfg = Release|x64
		{1B72C081-BEE8-4E38-A51F-2BC21149397B}.Release DLL|Any CPU.Build.0 = Release|x64
		{1B72C081-BEE8-4E38-A51F-2BC21149397B}.Release DLL|x64.ActiveCfg = Release|x64
		{1B72C081-BEE8-4E38-A51F-2BC21149397B}.Release DLL|x64.Build.0 = Release|x64
		{1B72C081-BEE8-4E38-A51F-2BC21149397B}.Release DLL|x86.ActiveCfg = Release|x64
		{1B72C081-BEE8-4E38-A51F-2BC21149397B}.Release DLL|x86.Build.0 = Release|x64
		{1B72C081-BEE8-4E38-A51F-2BC21149397B}.Release|Any CPU.ActiveCfg = Release|x64
		{1B72C081-BEE8-4E38-A51F-2BC21149397B}.Release|Any CPU.Build.0 = Release|x64
		{1B72C081-BEE8-4E38-A51F-2BC21149397B}.Release|x64.ActiveCfg = Release|x64
		{1B72C081-BEE8-4E38-A51F-2BC21149397B}.Release|x64.Build.0 = Release|x64
		{1B72C081-BEE8-4E38-A51F-2BC21149397B}.Release|x86.ActiveCfg = Release|x64
		{1B72C081-BEE8-4E38-A51F-2BC21149397B}.Release|x86.Build.0 = Release|x64
		{FBFCF7A4-9044-49F5-9802-EDB6C8B6CB3E}.Debug DLL|Any CPU.ActiveCfg = Debug|x64
		{FBFCF7A4-9044-49F5-9802-EDB6C8B6CB3E}.Debug DLL|Any CPU.Build.0 = Debug|x64
		{FBFCF7A4-9044-49F5-9802-EDB6C8B6CB3E}.Debug DLL|x64.ActiveCfg = Debug|x64
		{FBFCF7A4-9044-49F5-9802-EDB6C8B6CB3E}.Debug DLL|x64.Build.0 = Debug|x64
		{FBFCF7A4-9044-49F5-9802-EDB6C8B6CB3E}.Debug DLL|x86.ActiveCfg = Debug|x64
		{FBFCF7A4-9044-49F5-9802-EDB6C8B6CB3E}.Debug DLL|x86.Build.0 = Debug|x64
		{FBFCF7A4-9044-49F5-9802-EDB6C8B6CB3E}.Debug|Any CPU.ActiveCfg = Debug|x64
		{FBFCF7A4-9044-49F5-9802-EDB6C8B6CB3E}.Debug|Any CPU.Build.0 = Debug|x64
		{FBFCF7A4-9044-49F5-9802-EDB6C8B6CB3E}.Debug|x64.ActiveCfg = Debug|x64
		{FBFCF7A4-9044-49F5-9802-EDB6C8B6CB3E}.Debug|x64.Build.0 = Debug|x64
		{FBFCF7A4-9044-49F5-9802-EDB6C8B6CB3E}.Debug|x86.ActiveCfg = Debug|x64
		{FBFCF7A4-9044-49F5-9802-EDB6C8B6CB3E}.Debug|x86.Build.0 = Debug|x64
		{FBFCF7A4-9044-49F5-9802-EDB6C8B6CB3E}.Release DLL|Any CPU.ActiveCfg = Release|x64
		{FBFCF7A4-9044-49F5-9802-EDB6C8B6CB3E}.Release DLL|Any CPU.Build.0 = Release|x64
		{FBFCF7A4-9044-49F5-9802-EDB6C8B6CB3E}.Release DLL|x64.ActiveCfg = Release|x64
		{FBFCF7A4-9044-49F5-9802-EDB6C8B6CB3E}.Release DLL|x64.Build.0 = Release|x64
		{FBFCF7A4-9044-49F5-9802-EDB6C8B6CB3E}.Release DLL|x86.ActiveCfg = Release|x64
		{FBFCF7A4-9044-49F5-9802-EDB6C8B6CB3E}.Release DLL|x86.Build.0 = Release|x64
		{FBFCF7A4-9044-49F5-9802-EDB6C8B6CB3E}.Release|Any CPU.ActiveCfg = Release|x64
		{FBFCF7A4-9044-49F5-9802-EDB6C8B6CB3E}.Release|Any CPU.Build.0 = Release|x64
		{FBFCF7A4-9044-49F5-9802-EDB6C8B6CB3E}.Release|x64.ActiveCfg = Release|x64
		{FBFCF7A4-9044-49F5-9802-EDB6C8B6CB3E}.Release|x64.Build.0 = Release|x64
		{FBFCF7A4-9044-49F5-9802-EDB6C8B6CB3E}.Release|x86.ActiveCfg = Release|x64
		{FBFCF7A4-9044-49F5-9802-EDB6C8B6CB3E}.Release|x86.Build.0 = Release|x64
		{C82C8B29-B8C0-4F5A-824E-FF06EB7DC30B}.Debug DLL|Any CPU.ActiveCfg = Debug|x64
		{C82C8B29-B8C0-4F5A-824E-FF06EB7DC30B}.Debug DLL|Any CPU.Build.0 = Debug|x64
		{C82C8B29-B8C0-4F5A-824E-FF06EB7DC30B}.Debug DLL|x64.ActiveCfg = Debug|x64
		{C82C8B29-B8C0-4F5A-824E-FF06EB7DC30B}.Debug DLL|x64.Build.0 = Debug|x64
		{C82C8B29-B8C0-4F5A-824E-FF06EB7DC30B}.Debug DLL|x86.ActiveCfg = Debug|x64
		{C82C8B29-B8C0-4F5A-824E-FF06EB7DC30B}.Debug DLL|x86.Build.0 = Debug|x64
		{C82C8B29-B8C0-4F5A-824E-FF06EB7DC30B}.Debug|Any CPU.ActiveCfg = Debug|x64
		{C82C8B29-B8C0-4F5A-824E-FF06EB7DC30B}.Debug|Any CPU.Build.0 = Debug|x64
		{C82C8B29-B8C0-4F5A-824E-FF06EB7DC30B}.Debug|x64.ActiveCfg = Debug|x64
		{C82C8B29-B8C0-4F5A-824E-FF06EB7DC30B}.Debug|x64.Build.0 = Debug|x64
		{C82C8B29-B8C0-4F5A-824E-FF06EB7DC30B}.Debug|x86.ActiveCfg = Debug|x64
		{C82C8B29-B8C0-4F5A-824E-FF06EB7DC30B}.Debug|x86.Build.0 = Debug|x64
		{C82C8B29-B8C0-4F5A-824E-FF06EB7DC30B}.Release DLL|Any CPU.ActiveCfg = Release|x64
		{C82C8B29-B8C0-4F5A-824E-FF06EB7DC30B}.Release DLL|Any CPU.Build.0 = Release|x64
		{C82C8B29-B8C0-4F5A-824E-FF06EB7DC30B}.Release DLL|x64.ActiveCfg = Release|x64
		{C82C8B29-B8C0-4F5A-824E-FF06EB7DC30B}.Release DLL|x64.Build.0 = Release|x64
		{C82C8B29-B8C0-4F5A-824E-FF06EB7DC30B}.Release DLL|x86.ActiveCfg = Release|x64
		{C82C8B29-B8C0-4F5A-824E-FF06EB7DC30B}.Release DLL|x86.Build.0 = Release|x64
		{C82C8B29-B8C0-4F5A-824E-FF06EB7DC30B}.Release|Any CPU.ActiveCfg = Release|x64
		{C82C8B29-B8C0-4F5A-824E-FF06EB7DC30B}.Release|Any CPU.Build.0 = Release|x64
		{C82C8B29-B8C0-4F5A-824E-FF06EB7DC30B}.Release|x64.ActiveCfg = Release|x64
		{C82C8B29-B8C0-4F5A-824E-FF06EB7DC30B}.Release|x64.Build.0 = Release|x64
		{C82C8B29-B8C0-4F5A-824E-FF06EB7DC30B}.Release|x86.ActiveCfg = Release|x64
		{C82C8B29-B8C0-4F5A-824E-FF06EB7DC30B}.Release|x86.Build.0 = Release|x64
		{3C4AEFEE-05FF-47DF-A74D-74D3BFCDE537}.Debug DLL|Any CPU.ActiveCfg = Debug|x64
		{3C4AEFEE-05FF-47DF-A74D-74D3BFCDE537}.Debug DLL|Any CPU.Build.0 = Debug|x64
		{3C4AEFEE-05FF-47DF-A74D-74D3BFCDE537}.Debug DLL|x64.ActiveCfg = Debug|x64
		{3C4AEFEE-05FF-47DF-A74D-74D3BFCDE537}.Debug DLL|x64.Build.0 = Debug|x64
		{3C4AEFEE-05FF-47DF-A74D-74D3BFCDE537}.Debug DLL|x86.ActiveCfg = Debug|x64
		{3C4AEFEE-05FF-47DF-A74D-74D3BFCDE537}.Debug DLL|x86.Build.0 = Debug|x64
		{3C4AEFEE-05FF-47DF-A74D-74D3BFCDE537}.Debug|Any CPU.ActiveCfg = Debug|x64
		{3C4AEFEE-05FF-47DF-A74D-74D3BFCDE537}.Debug|Any CPU.Build.0 = Debug|x64
		{3C4AEFEE-05FF-47DF-A74D-74D3BFCDE537}.Debug|x64.ActiveCfg = Debug|x64
		{3C4AEFEE-05FF-47DF-A74D-74D3BFCDE537}.Debug|x64.Build.0 = Debug|x64
		{3C4AEFEE-05FF-47DF-A74D-74D3BFCDE537}.Debug|x86.ActiveCfg = Debug|x64
		{3C4AEFEE-05FF-47DF-A74D-74D3BFCDE537}.Debug|x86.Build.0 = Debug|x64
		{3C4AEFEE-05FF-47DF-A74D-74D3BFCDE537}.Release DLL|Any CPU.ActiveCfg = Release|x64
		{3C4AEFEE-05FF-47DF-A74D-74D3BFCDE537}.Release DLL|Any CPU.Build.0 = Release|x64
		{3C4AEFEE-05FF-47DF-A74D-74D3BFCDE537}.Release DLL|x64.ActiveCfg = Release|x64
		{3C4AEFEE-05FF-47DF-A74D-74D3BFCDE537}.Release DLL|x64.Build.0 = Release|x64
		{3C4AEFEE-05FF-47DF-A74D-74D3BFCDE537}.Release DLL|x86.ActiveCfg = Release|x64
		{3C4AEFEE-05FF-47DF-A74D-74D3BFCDE537}.Release DLL|x86.Build.0 = Release|x64
		{3C4AEFEE-05FF-47DF-A74D-74D3BFCDE537}.Release|Any CPU.ActiveCfg = Release|x64
		{3C4AEFEE-05FF-47DF-A74D-74D3BFCDE537}.Release|Any CPU.Build.0 = Release|x64
		{3C4AEFEE-05FF-47DF-A74D-74D3BFCDE537}.Release|x64.ActiveCfg = Release|x64
		{3C4AEFEE-05FF-47DF-A74D-74D3BFCDE537}.Release|x64.Build.0 = Release|x64
		{3C4AEFEE-05FF-47DF-A74D-74D3BFCDE537}.Release|x86.ActiveCfg = Release|x64
		{3C4AEFEE-05FF-47DF-A74D-74D3BFCDE537}.Release|x86.Build.0 = Release|x64
		{1DF642C6-C9DF-445B-91B7-693A441DD0D1}.Debug DLL|Any CPU.ActiveCfg = Debug|x64
		{1DF642C6-C9DF-445B-91B7-693A441DD0D1}.Debug DLL|Any CPU.Build.0 = Debug|x64
		{1DF642C6-C9DF-445B-91B7-693A441DD0D1}.Debug DLL|x64.ActiveCfg = Debug|x64
		{1DF642C6-C9DF-445B-91B7-693A441DD0D1}.Debug DLL|x64.Build.0 = Debug|x64
		{1DF642C6-C9DF-445B-91B7-693A441DD0D1}.Debug DLL|x86.ActiveCfg = Debug|x64
		{1DF642C6-C9DF-445B-91B7-693A441DD0D1}.Debug DLL|x86.Build.0 = Debug|x64
		{1DF642C6-C9DF-445B-91B7-693A441DD0D1}.Debug|Any CPU.ActiveCfg = Debug|x64
		{1DF642C6-C9DF-445B-91B7-693A441DD0D1}.Debug|Any CPU.Build.0 = Debug|x64
		{1DF642C6-C9DF-445B-91B7-693A441DD0D1}.Debug|x64.ActiveCfg = Debug|x64
		{1DF642C6-C9DF-445B-91B7-693A441DD0D1}.Debug|x64.Build.0 = Debug|x64
		{1DF642C6-C9DF-445B-91B7-693A441DD0D1}.Debug|x86.ActiveCfg = Debug|x64
		{1DF642C6-C9DF-445B-91B7-693A441DD0D1}.Debug|x86.Build.0 = Debug|x64
		{1DF642C6-C9DF-445B-91B7-693A441DD0D1}.Release DLL|Any CPU.ActiveCfg = Release|x64
		{1DF642C6-C9DF-445B-91B7-693A441DD0D1}.Release DLL|Any CPU.Build.0 = Release|x64
		{1DF642C6-C9DF-445B-91B7-693A441DD0D1}.Release DLL|x64.ActiveCfg = Release|x64
		{1DF642C6-C9DF-445B-91B7-693A441DD0D1}.Release DLL|x64.Build.0 = Release|x64
		{1DF642C6-C9DF-445B-91B7-693A441DD0D1}.Release DLL|x86.ActiveCfg = Release|x64
		{1DF642C6-C9DF-445B-91B7-693A441DD0D1}.Release DLL|x86.Build.0 = Release|x64
		{1DF642C6-C9DF-445B-91B7-693A441DD0D1}.Release|Any CPU.ActiveCfg = Release|x64
		{1DF642C6-C9DF-445B-91B7-693A441DD0D1}.Release|Any CPU.Build.0 = Release|x64
		{1DF642C6-C9DF-445B-91B7-693A441DD0D1}.Release|x64.ActiveCfg = Release|x64
		{1DF642C6-C9DF-445B-91B7-693A441DD0D1}.Release|x64.Build.0 = Release|x64
		{1DF642C6-C9DF-445B-91B7-693A441DD0D1}.Release|x86.ActiveCfg = Release|x64
		{1DF642C6-C9DF-445B-91B7-693A441DD0D1}.Release|x86.Build.0 = Release|x64
		{403511AD-133D-4CC7-B00E-E505D1040145}.Debug DLL|Any CPU.ActiveCfg = Debug|x64
		{403511AD-133D-4CC7-B00E-E505D1040145}.Debug DLL|Any CPU.Build.0 = Debug|x64
		{403511AD-133D-4CC7-B00E-E505D1040145}.Debug DLL|x64.ActiveCfg = Debug|x64
		{403511AD-133D-4CC7-B00E-E505D1040145}.Debug DLL|x64.Build.0 = Debug|x64
		{403511AD-133D-4CC7-B00E-E505D1040145}.Debug DLL|x86.ActiveCfg = Debug|x64
		{403511AD-133D-4CC7-B00E-E505D1040145}.Debug DLL|x86.Build.0 = Debug|x64
		{403511AD-133D-4CC7-B00E-E505D1040145}.Debug|Any CPU.ActiveCfg = Debug|x64
		{403511AD-133D-4CC7-B00E-E505D1040145}.Debug|Any CPU.Build.0 = Debug|x64
		{403511AD-133D-4CC7-B00E-E505D1040145}.Debug|x64.ActiveCfg = Debug|x64
		{403511AD-133D-4CC7-B00E-E505D1040145}.Debug|x64.Build.0 = Debug|x64
		{403511AD-133D-4CC7-B00E-E505D1040145}.Debug|x86.ActiveCfg = Debug|x64
		{403511AD-133D-4CC7-B00E-E505D1040145}.Debug|x86.Build.0 = Debug|x64
		{403511AD-133D-4CC7-B00E-E505D1040145}.Release DLL|Any CPU.ActiveCfg = Release|x64
		{403511AD-133D-4CC7-B00E-E505D1040145}.Release DLL|Any CPU.Build.0 = Release|x64
		{403511AD-133D-4CC7-B00E-E505D1040145}.Release DLL|x64.ActiveCfg = Release|x64
		{403511AD-133D-4CC7-B00E-E505D1040145}.Release DLL|x64.Build.0 = Release|x64
		{403511AD-133D-4CC7-B00E-E505D1040145}.Release DLL|x86.ActiveCfg = Release|x64
		{403511AD-133D-4CC7-B00E-E505D1040145}.Release DLL|x86.Build.0 = Release|x64
		{403511AD-133D-4CC7-B00E-E505D1040145}.Release|Any CPU.ActiveCfg = Release|x64
		{403511AD-133D-4CC7-B00E-E505D1040145}.Release|Any CPU.Build.0 = Release|x64
		{403511AD-133D-4CC7-B00E-E505D1040145}.Release|x64.ActiveCfg = Release|x64
		{403511AD-133D-4CC7-B00E-E505D1040145}.Release|x64.Build.0 = Release|x64
		{403511AD-133D-4CC7-B00E-E505D1040145}.Release|x86.ActiveCfg = Release|x64
		{403511AD-133D-4CC7-B00E-E505D1040145}.Release|x86.Build.0 = Release|x64
		{897052C7-74F7-4307-AC38-F2A4AC619CDE}.Debug DLL|Any CPU.ActiveCfg = Debug|x64
		{897052C7-74F7-4307-AC38-F2A4AC619CDE}.Debug DLL|Any CPU.Build.0 = Debug|x64
		{897052C7-74F7-4307-AC38-F2A4AC619CDE}.Debug DLL|x64.ActiveCfg = Debug|x64
		{897052C7-74F7-4307-AC38-F2A4AC619CDE}.Debug DLL|x64.Build.0 = Debug|x64
		{897052C7-74F7-4307-AC38-F2A4AC619CDE}.Debug DLL|x86.ActiveCfg = Debug|x64
		{897052C7-74F7-4307-AC38-F2A4AC619CDE}.Debug DLL|x86.Build.0 = Debug|x64
		{897052C7-74F7-4307-AC38-F2A4AC619CDE}.Debug|Any CPU.ActiveCfg = Debug|x64
		{897052C7-74F7-4307-AC38-F2A4AC619CDE}.Debug|Any CPU.Build.0 = Debug|x64
		{897052C7-74F7-4307-AC38-F2A4AC619CDE}.Debug|x64.ActiveCfg = Debug|x64
		{897052C7-74F7-4307-AC38-F2A4AC619CDE}.Debug|x64.Build.0 = Debug|x64
		{897052C7-74F7-4307-AC38-F2A4AC619CDE}.Debug|x86.ActiveCfg = Debug|x64
		{897052C7-74F7-4307-AC38-F2A4AC619CDE}.Debug|x86.Build.0 = Debug|x64
		{897052C7-74F7-4307-AC38-F2A4AC619CDE}.Release DLL|Any CPU.ActiveCfg = Release|x64
		{897052C7-74F7-4307-AC38-F2A4AC619CDE}.Release DLL|Any CPU.Build.0 = Release|x64
		{897052C7-74F7-4307-AC38-F2A4AC619CDE}.Release DLL|x64.ActiveCfg = Release|x64
		{897052C7-74F7-4307-AC38-F2A4AC619CDE}.Release DLL|x64.Build.0 = Release|x64
		{897052C7-74F7-4307-AC38-F2A4AC619CDE}.Release DLL|x86.ActiveCfg = Release|x64
		{897052C7-74F7-4307-AC38-F2A4AC619CDE}.Release DLL|x86.Build.0 = Release|x64
		{897052C7-74F7-4307-AC38-F2A4AC619CDE}.Release|Any CPU.ActiveCfg = Release|x64
		{897052C7-74F7-4307-AC38-F2A4AC619CDE}.Release|Any CPU.Build.0 = Release|x64
		{897052C7-74F7-4307-AC38-F2A4AC619CDE}.Release|x64.ActiveCfg = Release|x64
		{897052C7-74F7-4307-AC38-F2A4AC619CDE}.Release|x64.Build.0 = Release|x64
		{897052C7-74F7-4307-AC38-F2A4AC619CDE}.Release|x86.ActiveCfg = Release|x64
		{897052C7-74F7-4307-AC38-F2A4AC619CDE}.Release|x86.Build.0 = Release|x64
		{FB8574A4-4017-4877-8242-1E2123E8D1C1}.Debug DLL|Any CPU.ActiveCfg = Debug|x64
		{FB8574A4-4017-4877-8242-1E2123E8D1C1}.Debug DLL|Any CPU.Build.0 = Debug|x64
		{FB8574A4-4017-4877-8242-1E2123E8D1C1}.Debug DLL|x64.ActiveCfg = Debug|x64
		{FB8574A4-4017-4877-8242-1E2123E8D1C1}.Debug DLL|x64.Build.0 = Debug|x64
		{FB8574A4-4017-4877-8242-1E2123E8D1C1}.Debug DLL|x86.ActiveCfg = Debug|x64
		{FB8574A4-4017-4877-8242-1E2123E8D1C1}.Debug DLL|x86.Build.0 = Debug|x64
		{FB8574A4-4017-4877-8242-1E2123E8D1C1}.Debug|Any CPU.ActiveCfg = Debug|x64
		{FB8574A4-4017-4877-8242-1E2123E8D1C1}.Debug|Any CPU.Build.0 = Debug|x64
		{FB8574A4-4017-4877-8242-1E2123E8D1C1}.Debug|x64.ActiveCfg = Debug|x64
		{FB8574A4-4017-4877-8242-1E2123E8D1C1}.Debug|x64.Build.0 = Debug|x64
		{FB8574A4-4017-4877-8242-1E2123E8D1C1}.Debug|x86.ActiveCfg = Debug|x64
		{FB8574A4-4017-4877-8242-1E2123E8D1C1}.Debug|x86.Build.0 = Debug|x64
		{FB8574A4-4017-4877-8242-1E2123E8D1C1}.Release DLL|Any CPU.ActiveCfg = Release|x64
		{FB8574A4-4017-4877-8242-1E2123E8D1C1}.Release DLL|Any CPU.Build.0 = Release|x64
		{FB8574A4-4017-4877-8242-1E2123E8D1C1}.Release DLL|x64.ActiveCfg = Release|x64
		{FB8574A4-4017-4877-8242-1E2123E8D1C1}.Release DLL|x64.Build.0 = Release|x64
		{FB8574A4-4017-4877-8242-1E2123E8D1C1}.Release DLL|x86.ActiveCfg = Release|x64
		{FB8574A4-4017-4877-8242-1E2123E8D1C1}.Release DLL|x86.Build.0 = Release|x64
		{FB8574A4-4017-4877-8242-1E2123E8D1C1}.Release|Any CPU.ActiveCfg = Release|x64
		{FB8574A4-4017-4877-8242-1E2123E8D1C1}.Release|Any CPU.Build.0 = Release|x64
		{FB8574A4-4017-4877-8242-1E2123E8D1C1}.Release|x64.ActiveCfg = Release|x64
		{FB8574A4-4017-4877-8242-1E2123E8D1C1}.Release|x64.Build.0 = Release|x64
		{FB8574A4-4017-4877-8242-1E2123E8D1C1}.Release|x86.ActiveCfg = Release|x64
		{FB8574A4-4017-4877-8242-1E2123E8D1C1}.Release|x86.Build.0 = Release|x64
		{76AFA79C-7FE1-493A-B920-52EE72278884}.Debug DLL|Any CPU.ActiveCfg = Debug DLL|x64
		{76AFA79C-7FE1-493A-B920-52EE72278884}.Debug DLL|x64.ActiveCfg = Debug DLL|x64
		{76AFA79C-7FE1-493A-B920-52EE72278884}.Debug DLL|x64.Build.0 = Debug DLL|x64
		{76AFA79C-7FE1-493A-B920-52EE72278884}.Debug DLL|x86.ActiveCfg = Debug DLL|Win32
		{76AFA79C-7FE1-493A-B920-52EE72278884}.Debug DLL|x86.Build.0 = Debug DLL|Win32
		{76AFA79C-7FE1-493A-B920-52EE72278884}.Debug|Any CPU.ActiveCfg = Debug|x64
		{76AFA79C-7FE1-493A-B920-52EE72278884}.Debug|x64.ActiveCfg = Debug|x64
		{76AFA79C-7FE1-493A-B920-52EE72278884}.Debug|x64.Build.0 = Debug|x64
		{76AFA79C-7FE1-493A-B920-52EE72278884}.Debug|x86.ActiveCfg = Debug|Win32
		{76AFA79C-7FE1-493A-B920-52EE72278884}.Debug|x86.Build.0 = Debug|Win32
		{76AFA79C-7FE1-493A-B920-52EE72278884}.Release DLL|Any CPU.ActiveCfg = Release DLL|x64
		{76AFA79C-7FE1-493A-B920-52EE72278884}.Release DLL|x64.ActiveCfg = Release DLL|x64
		{76AFA79C-7FE1-493A-B920-52EE72278884}.Release DLL|x64.Build.0 = Release DLL|x64
		{76AFA79C-7FE1-493A-B920-52EE72278884}.Release DLL|x86.ActiveCfg = Release DLL|Win32
		{76AFA79C-7FE1-493A-B920-52EE72278884}.Release DLL|x86.Build.0 = Release DLL|Win32
		{76AFA79C-7FE1-493A-B920-52EE72278884}.Release|Any CPU.ActiveCfg = Release|x64
		{76AFA79C-7FE1-493A-B920-52EE72278884}.Release|x64.ActiveCfg = Release|x64
		{76AFA79C-7FE1-493A-B920-52EE72278884}.Release|x64.Build.0 = Release|x64
		{76AFA79C-7FE1-493A-B920-52EE72278884}.Release|x86.ActiveCfg = Release|Win32
		{76AFA79C-7FE1-493A-B920-52EE72278884}.Release|x86.Build.0 = Release|Win32
		{EC5A523C-165A-4D15-861E-CE9EDD9644D0}.Debug DLL|Any CPU.ActiveCfg = Debug|x64
		{EC5A523C-165A-4D15-861E-CE9EDD9644D0}.Debug DLL|Any CPU.Build.0 = Debug|x64
		{EC5A523C-165A-4D15-861E-CE9EDD9644D0}.Debug DLL|x64.ActiveCfg = Debug|x64
		{EC5A523C-165A-4D15-861E-CE9EDD9644D0}.Debug DLL|x64.Build.0 = Debug|x64
		{EC5A523C-165A-4D15-861E-CE9EDD9644D0}.Debug DLL|x86.ActiveCfg = Debug|x64
		{EC5A523C-165A-4D15-861E-CE9EDD9644D0}.Debug DLL|x86.Build.0 = Debug|x64
		{EC5A523C-165A-4D15-861E-CE9EDD9644D0}.Debug|Any CPU.ActiveCfg = Debug|x64
		{EC5A523C-165A-4D15-861E-CE9EDD9644D0}.Debug|Any CPU.Build.0 = Debug|x64
		{EC5A523C-165A-4D15-861E-CE9EDD9644D0}.Debug|x64.ActiveCfg = Debug|x64
		{EC5A523C-165A-4D15-861E-CE9EDD9644D0}.Debug|x64.Build.0 = Debug|x64
		{EC5A523C-165A-4D15-861E-CE9EDD9644D0}.Debug|x86.ActiveCfg = Debug|x64
		{EC5A523C-165A-4D15-861E-CE9EDD9644D0}.Debug|x86.Build.0 = Debug|x64
		{EC5A523C-165A-4D15-861E-CE9EDD9644D0}.Release DLL|Any CPU.ActiveCfg = Release|x64
		{EC5A523C-165A-4D15-861E-CE9EDD9644D0}.Release DLL|Any CPU.Build.0 = Release|x64
		{EC5A523C-165A-4D15-861E-CE9EDD9644D0}.Release DLL|x64.ActiveCfg = Release|x64
		{EC5A523C-165A-4D15-861E-CE9EDD9644D0}.Release DLL|x64.Build.0 = Release|x64
		{EC5A523C-165A-4D15-861E-CE9EDD9644D0}.Release DLL|x86.ActiveCfg = Release|x64
		{EC5A523C-165A-4D15-861E-CE9EDD9644D0}.Release DLL|x86.Build.0 = Release|x64
		{EC5A523C-165A-4D15-861E-CE9EDD9644D0}.Release|Any CPU.ActiveCfg = Release|x64
		{EC5A523C-165A-4D15-861E-CE9EDD9644D0}.Release|Any CPU.Build.0 = Release|x64
		{EC5A523C-165A-4D15-861E-CE9EDD9644D0}.Release|x64.ActiveCfg = Release|x64
		{EC5A523C-165A-4D15-861E-CE9EDD9644D0}.Release|x64.Build.0 = Release|x64
		{EC5A523C-165A-4D15-861E-CE9EDD9644D0}.Release|x86.ActiveCfg = Release|x64
		{EC5A523C-165A-4D15-861E-CE9EDD9644D0}.Release|x86.Build.0 = Release|x64
		{A341F18F-6519-4ECD-A6F5-64729B8ED8F3}.Debug DLL|Any CPU.ActiveCfg = Debug|x64
		{A341F18F-6519-4ECD-A6F5-64729B8ED8F3}.Debug DLL|Any CPU.Build.0 = Debug|x64
		{A341F18F-6519-4ECD-A6F5-64729B8ED8F3}.Debug DLL|x64.ActiveCfg = Debug|x64
		{A341F18F-6519-4ECD-A6F5-64729B8ED8F3}.Debug DLL|x64.Build.0 = Debug|x64
		{A341F18F-6519-4ECD-A6F5-64729B8ED8F3}.Debug DLL|x86.ActiveCfg = Debug|x64
		{A341F18F-6519-4ECD-A6F5-64729B8ED8F3}.Debug DLL|x86.Build.0 = Debug|x64
		{A341F18F-6519-4ECD-A6F5-64729B8ED8F3}.Debug|Any CPU.ActiveCfg = Debug|x64
		{A341F18F-6519-4ECD-A6F5-64729B8ED8F3}.Debug|Any CPU.Build.0 = Debug|x64
		{A341F18F-6519-4ECD-A6F5-64729B8ED8F3}.Debug|x64.ActiveCfg = Debug|x64
		{A341F18F-6519-4ECD-A6F5-64729B8ED8F3}.Debug|x64.Build.0 = Debug|x64
		{A341F18F-6519-4ECD-A6F5-64729B8ED8F3}.Debug|x86.ActiveCfg = Debug|x64
		{A341F18F-6519-4ECD-A6F5-64729B8ED8F3}.Debug|x86.Build.0 = Debug|x64
		{A341F18F-6519-4ECD-A6F5-64729B8ED8F3}.Release DLL|Any CPU.ActiveCfg = Release|x64
		{A341F18F-6519-4ECD-A6F5-64729B8ED8F3}.Release DLL|Any CPU.Build.0 = Release|x64
		{A341F18F-6519-4ECD-A6F5-64729B8ED8F3}.Release DLL|x64.ActiveCfg = Release|x64
		{A341F18F-6519-4ECD-A6F5-64729B8ED8F3}.Release DLL|x64.Build.0 = Release|x64
		{A341F18F-6519-4ECD-A6F5-64729B8ED8F3}.Release DLL|x86.ActiveCfg = Release|x64
		{A341F18F-6519-4ECD-A6F5-64729B8ED8F3}.Release DLL|x86.Build.0 = Release|x64
		{A341F18F-6519-4ECD-A6F5-64729B8ED8F3}.Release|Any CPU.ActiveCfg = Release|x64
		{A341F18F-6519-4ECD-A6F5-64729B8ED8F3}.Release|Any CPU.Build.0 = Release|x64
		{A341F18F-6519-4ECD-A6F5-64729B8ED8F3}.Release|x64.ActiveCfg = Release|x64
		{A341F18F-6519-4ECD-A6F5-64729B8ED8F3}.Release|x64.Build.0 = Release|x64
		{A341F18F-6519-4ECD-A6F5-64729B8ED8F3}.Release|x86.ActiveCfg = Release|x64
		{A341F18F-6519-4ECD-A6F5-64729B8ED8F3}.Release|x86.Build.0 = Release|x64
		{B4BFB550-E2C4-4451-9D5D-07498C059F50}.Debug DLL|Any CPU.ActiveCfg = Debug|x64
		{B4BFB550-E2C4-4451-9D5D-07498C059F50}.Debug DLL|Any CPU.Build.0 = Debug|x64
		{B4BFB550-E2C4-4451-9D5D-07498C059F50}.Debug DLL|x64.ActiveCfg = Debug|x64
		{B4BFB550-E2C4-4451-9D5D-07498C059F50}.Debug DLL|x64.Build.0 = Debug|x64
		{B4BFB550-E2C4-4451-9D5D-07498C059F50}.Debug DLL|x86.ActiveCfg = Debug|x64
		{B4BFB550-E2C4-4451-9D5D-07498C059F50}.Debug DLL|x86.Build.0 = Debug|x64
		{B4BFB550-E2C4-4451-9D5D-07498C059F50}.Debug|Any CPU.ActiveCfg = Debug|x64
		{B4BFB550-E2C4-4451-9D5D-07498C059F50}.Debug|Any CPU.Build.0 = Debug|x64
		{B4BFB550-E2C4-4451-9D5D-07498C059F50}.Debug|x64.ActiveCfg = Debug|x64
		{B4BFB550-E2C4-4451-9D5D-07498C059F50}.Debug|x64.Build.0 = Debug|x64
		{B4BFB550-E2C4-4451-9D5D-07498C059F50}.Debug|x86.ActiveCfg = Debug|x64
		{B4BFB550-E2C4-4451-9D5D-07498C059F50}.Debug|x86.Build.0 = Debug|x64
		{B4BFB550-E2C4-4451-9D5D-07498C059F50}.Release DLL|Any CPU.ActiveCfg = Release|x64
		{B4BFB550-E2C4-4451-9D5D-07498C059F50}.Release DLL|Any CPU.Build.0 = Release|x64
		{B4BFB550-E2C4-4451-9D5D-07498C059F50}.Release DLL|x64.ActiveCfg = Release|x64
		{B4BFB550-E2C4-4451-9D5D-07498C059F50}.Release DLL|x64.Build.0 = Release|x64
		{B4BFB550-E2C4-4451-9D5D-07498C059F50}.Release DLL|x86.ActiveCfg = Release|x64
		{B4BFB550-E2C4-4451-9D5D-07498C059F50}.Release DLL|x86.Build.0 = Release|x64
		{B4BFB550-E2C4-4451-9D5D-07498C059F50}.Release|Any CPU.ActiveCfg = Release|x64
		{B4BFB550-E2C4-4451-9D5D-07498C059F50}.Release|Any CPU.Build.0 = Release|x64
		{B4BFB550-E2C4-4451-9D5D-07498C059F50}.Release|x64.ActiveCfg = Release|x64
		{B4BFB550-E2C4-4451-9D5D-07498C059F50}.Release|x64.Build.0 = Release|x64
		{B4BFB550-E2C4-4451-9D5D-07498C059F50}.Release|x86.ActiveCfg = Release|x64
		{B4BFB550-E2C4-4451-9D5D-07498C059F50}.Release|x86.Build.0 = Release|x64
		{8E6E6456-2DEF-4771-A7BF-D8703B5F79F9}.Debug DLL|Any CPU.ActiveCfg = Debug|Any CPU
		{8E6E6456-2DEF-4771-A7BF-D8703B5F79F9}.Debug DLL|Any CPU.Build.0 = Debug|Any CPU
		{8E6E6456-2DEF-4771-A7BF-D8703B5F79F9}.Debug DLL|x64.ActiveCfg = Debug|Any CPU
		{8E6E6456-2DEF-4771-A7BF-D8703B5F79F9}.Debug DLL|x64.Build.0 = Debug|Any CPU
		{8E6E6456-2DEF-4771-A7BF-D8703B5F79F9}.Debug DLL|x86.ActiveCfg = Debug|Any CPU
		{8E6E6456-2DEF-4771-A7BF-D8703B5F79F9}.Debug DLL|x86.Build.0 = Debug|Any CPU
		{8E6E6456-2DEF-4771-A7BF-D8703B5F79F9}.Debug|Any CPU.ActiveCfg = Debug|Any CPU
		{8E6E6456-2DEF-4771-A7BF-D8703B5F79F9}.Debug|Any CPU.Build.0 = Debug|Any CPU
		{8E6E6456-2DEF-4771-A7BF-D8703B5F79F9}.Debug|x64.ActiveCfg = Release|Any CPU
		{8E6E6456-2DEF-4771-A7BF-D8703B5F79F9}.Debug|x64.Build.0 = Release|Any CPU
		{8E6E6456-2DEF-4771-A7BF-D8703B5F79F9}.Debug|x86.ActiveCfg = Debug|Any CPU
		{8E6E6456-2DEF-4771-A7BF-D8703B5F79F9}.Debug|x86.Build.0 = Debug|Any CPU
		{8E6E6456-2DEF-4771-A7BF-D8703B5F79F9}.Release DLL|Any CPU.ActiveCfg = Release|Any CPU
		{8E6E6456-2DEF-4771-A7BF-D8703B5F79F9}.Release DLL|Any CPU.Build.0 = Release|Any CPU
		{8E6E6456-2DEF-4771-A7BF-D8703B5F79F9}.Release DLL|x64.ActiveCfg = Release|Any CPU
		{8E6E6456-2DEF-4771-A7BF-D8703B5F79F9}.Release DLL|x64.Build.0 = Release|Any CPU
		{8E6E6456-2DEF-4771-A7BF-D8703B5F79F9}.Release DLL|x86.ActiveCfg = Release|Any CPU
		{8E6E6456-2DEF-4771-A7BF-D8703B5F79F9}.Release DLL|x86.Build.0 = Release|Any CPU
		{8E6E6456-2DEF-4771-A7BF-D8703B5F79F9}.Release|Any CPU.ActiveCfg = Release|Any CPU
		{8E6E6456-2DEF-4771-A7BF-D8703B5F79F9}.Release|Any CPU.Build.0 = Release|Any CPU
		{8E6E6456-2DEF-4771-A7BF-D8703B5F79F9}.Release|x64.ActiveCfg = Release|Any CPU
		{8E6E6456-2DEF-4771-A7BF-D8703B5F79F9}.Release|x64.Build.0 = Release|Any CPU
		{8E6E6456-2DEF-4771-A7BF-D8703B5F79F9}.Release|x86.ActiveCfg = Release|Any CPU
		{8E6E6456-2DEF-4771-A7BF-D8703B5F79F9}.Release|x86.Build.0 = Release|Any CPU
	EndGlobalSection
	GlobalSection(SolutionProperties) = preSolution
		HideSolutionNode = FALSE
	EndGlobalSection
	GlobalSection(ExtensibilityGlobals) = postSolution
		SolutionGuid = {7184FDBE-8103-42A9-B82A-49AD9250E032}
	EndGlobalSection
EndGlobal
