
Microsoft Visual Studio Solution File, Format Version 12.00
# Visual Studio Version 17
VisualStudioVersion = 17.7.34018.315
MinimumVisualStudioVersion = 10.0.40219.1
Project("{8BC9CEB8-8B4A-11D0-8D11-00A0C91BC942}") = "Test1", "Test1\Test1.vcxproj", "{21443692-340E-426B-A5DD-128972A0F670}"
EndProject
Project("{8BC9CEB8-8B4A-11D0-8D11-00A0C91BC942}") = "ExRogue", "ExRogue\ExRogue.vcxproj", "{6570438B-C740-4385-9F50-1C3DDE8D2176}"
EndProject
Project("{8BC9CEB8-8B4A-11D0-8D11-00A0C91BC942}") = "ExAutoTile", "ExAutoTile\ExAutoTile.vcxproj", "{DC1BC0FC-FFB0-494E-8FBD-C7586AD53961}"
EndProject
Project("{8BC9CEB8-8B4A-11D0-8D11-00A0C91BC942}") = "ExCaveVision", "ExCaveVision\ExCaveVision.vcxproj", "{1B72C081-BEE8-4E38-A51F-2BC21149397B}"
EndProject
Project("{8BC9CEB8-8B4A-11D0-8D11-00A0C91BC942}") = "ExEffect", "ExEffect\ExEffect.vcxproj", "{FBFCF7A4-9044-49F5-9802-EDB6C8B6CB3E}"
EndProject
Global
	GlobalSection(SolutionConfigurationPlatforms) = preSolution
		Debug|x64 = Debug|x64
		Release|x64 = Release|x64
	EndGlobalSection
	GlobalSection(ProjectConfigurationPlatforms) = postSolution
		{21443692-340E-426B-A5DD-128972A0F670}.Debug|x64.ActiveCfg = Debug|x64
		{21443692-340E-426B-A5DD-128972A0F670}.Debug|x64.Build.0 = Debug|x64
		{21443692-340E-426B-A5DD-128972A0F670}.Release|x64.ActiveCfg = Release|x64
		{21443692-340E-426B-A5DD-128972A0F670}.Release|x64.Build.0 = Release|x64
		{6570438B-C740-4385-9F50-1C3DDE8D2176}.Debug|x64.ActiveCfg = Debug|x64
		{6570438B-C740-4385-9F50-1C3DDE8D2176}.Debug|x64.Build.0 = Debug|x64
		{6570438B-C740-4385-9F50-1C3DDE8D2176}.Release|x64.ActiveCfg = Release|x64
		{6570438B-C740-4385-9F50-1C3DDE8D2176}.Release|x64.Build.0 = Release|x64
		{DC1BC0FC-FFB0-494E-8FBD-C7586AD53961}.Debug|x64.ActiveCfg = Debug|x64
		{DC1BC0FC-FFB0-494E-8FBD-C7586AD53961}.Debug|x64.Build.0 = Debug|x64
		{DC1BC0FC-FFB0-494E-8FBD-C7586AD53961}.Release|x64.ActiveCfg = Release|x64
		{DC1BC0FC-FFB0-494E-8FBD-C7586AD53961}.Release|x64.Build.0 = Release|x64
		{1B72C081-BEE8-4E38-A51F-2BC21149397B}.Debug|x64.ActiveCfg = Debug|x64
		{1B72C081-BEE8-4E38-A51F-2BC21149397B}.Debug|x64.Build.0 = Debug|x64
		{1B72C081-BEE8-4E38-A51F-2BC21149397B}.Release|x64.ActiveCfg = Release|x64
		{1B72C081-BEE8-4E38-A51F-2BC21149397B}.Release|x64.Build.0 = Release|x64
		{FBFCF7A4-9044-49F5-9802-EDB6C8B6CB3E}.Debug|x64.ActiveCfg = Debug|x64
		{FBFCF7A4-9044-49F5-9802-EDB6C8B6CB3E}.Debug|x64.Build.0 = Debug|x64
		{FBFCF7A4-9044-49F5-9802-EDB6C8B6CB3E}.Release|x64.ActiveCfg = Release|x64
		{FBFCF7A4-9044-49F5-9802-EDB6C8B6CB3E}.Release|x64.Build.0 = Release|x64
	EndGlobalSection
	GlobalSection(SolutionProperties) = preSolution
		HideSolutionNode = FALSE
	EndGlobalSection
	GlobalSection(ExtensibilityGlobals) = postSolution
		SolutionGuid = {7184FDBE-8103-42A9-B82A-49AD9250E032}
	EndGlobalSection
EndGlobal
